
Microsoft Visual Studio Solution File, Format Version 12.00
# Visual Studio Version 17
VisualStudioVersion = 17.8.34322.80
MinimumVisualStudioVersion = 10.0.40219.1
Project("{9A19103F-16F7-4668-BE54-9A1E7A4F7556}") = "Identity_Domain", "Identity_Domain\Identity_Domain.csproj", "{36C6D14C-05F0-423F-AA45-24F24A0CBC95}"
EndProject
Project("{9A19103F-16F7-4668-BE54-9A1E7A4F7556}") = "Identity_Application", "Identity_Application\Identity_Application.csproj", "{FA553AB4-3F1B-4915-8C91-4F10929859D7}"
EndProject
Project("{9A19103F-16F7-4668-BE54-9A1E7A4F7556}") = "Identity_Infrastructure", "Identity_Infrastructure\Identity_Infrastructure.csproj", "{6DE9A0FE-8E7B-413C-BA18-0D57C4824EFC}"
EndProject
Project("{9A19103F-16F7-4668-BE54-9A1E7A4F7556}") = "Identity_Presentation", "Identity_Presentation\Identity_Presentation.csproj", "{4733C0BF-0995-4E44-BD19-23FDC1A01CAF}"
EndProject
Project("{9A19103F-16F7-4668-BE54-9A1E7A4F7556}") = "Identity_Contracts", "Identity_Contracts\Identity_Contracts.csproj", "{11D7E32C-97A9-48F9-9EBA-F0ABA8B8D82F}"
EndProject
Global
	GlobalSection(SolutionConfigurationPlatforms) = preSolution
		Debug|Any CPU = Debug|Any CPU
		Release|Any CPU = Release|Any CPU
	EndGlobalSection
	GlobalSection(ProjectConfigurationPlatforms) = postSolution
		{36C6D14C-05F0-423F-AA45-24F24A0CBC95}.Debug|Any CPU.ActiveCfg = Debug|Any CPU
		{36C6D14C-05F0-423F-AA45-24F24A0CBC95}.Debug|Any CPU.Build.0 = Debug|Any CPU
		{36C6D14C-05F0-423F-AA45-24F24A0CBC95}.Release|Any CPU.ActiveCfg = Release|Any CPU
		{36C6D14C-05F0-423F-AA45-24F24A0CBC95}.Release|Any CPU.Build.0 = Release|Any CPU
		{FA553AB4-3F1B-4915-8C91-4F10929859D7}.Debug|Any CPU.ActiveCfg = Debug|Any CPU
		{FA553AB4-3F1B-4915-8C91-4F10929859D7}.Debug|Any CPU.Build.0 = Debug|Any CPU
		{FA553AB4-3F1B-4915-8C91-4F10929859D7}.Release|Any CPU.ActiveCfg = Release|Any CPU
		{FA553AB4-3F1B-4915-8C91-4F10929859D7}.Release|Any CPU.Build.0 = Release|Any CPU
		{6DE9A0FE-8E7B-413C-BA18-0D57C4824EFC}.Debug|Any CPU.ActiveCfg = Debug|Any CPU
		{6DE9A0FE-8E7B-413C-BA18-0D57C4824EFC}.Debug|Any CPU.Build.0 = Debug|Any CPU
		{6DE9A0FE-8E7B-413C-BA18-0D57C4824EFC}.Release|Any CPU.ActiveCfg = Release|Any CPU
		{6DE9A0FE-8E7B-413C-BA18-0D57C4824EFC}.Release|Any CPU.Build.0 = Release|Any CPU
		{4733C0BF-0995-4E44-BD19-23FDC1A01CAF}.Debug|Any CPU.ActiveCfg = Debug|Any CPU
		{4733C0BF-0995-4E44-BD19-23FDC1A01CAF}.Debug|Any CPU.Build.0 = Debug|Any CPU
		{4733C0BF-0995-4E44-BD19-23FDC1A01CAF}.Release|Any CPU.ActiveCfg = Release|Any CPU
		{4733C0BF-0995-4E44-BD19-23FDC1A01CAF}.Release|Any CPU.Build.0 = Release|Any CPU
		{11D7E32C-97A9-48F9-9EBA-F0ABA8B8D82F}.Debug|Any CPU.ActiveCfg = Debug|Any CPU
		{11D7E32C-97A9-48F9-9EBA-F0ABA8B8D82F}.Debug|Any CPU.Build.0 = Debug|Any CPU
		{11D7E32C-97A9-48F9-9EBA-F0ABA8B8D82F}.Release|Any CPU.ActiveCfg = Release|Any CPU
		{11D7E32C-97A9-48F9-9EBA-F0ABA8B8D82F}.Release|Any CPU.Build.0 = Release|Any CPU
	EndGlobalSection
	GlobalSection(SolutionProperties) = preSolution
		HideSolutionNode = FALSE
	EndGlobalSection
	GlobalSection(ExtensibilityGlobals) = postSolution
		SolutionGuid = {7F5660A5-3E86-4EF2-94E7-575BA2765DE9}
	EndGlobalSection
EndGlobal
